
Microsoft Visual Studio Solution File, Format Version 12.00
# Visual Studio 15
VisualStudioVersion = 15.0.27130.2020
MinimumVisualStudioVersion = 10.0.40219.1
Project("{8BC9CEB8-8B4A-11D0-8D11-00A0C91BC942}") = "Chapter2", "Chapter2\Chapter2.vcxproj", "{A5043CBC-2399-4F23-B2C1-50E566E9EFD3}"
EndProject
Project("{8BC9CEB8-8B4A-11D0-8D11-00A0C91BC942}") = "Chapter3", "Chapter3\Chapter3.vcxproj", "{7CFFAB58-4CEA-4B86-BBBC-1FFAEB632207}"
EndProject
Project("{8BC9CEB8-8B4A-11D0-8D11-00A0C91BC942}") = "Chapter4", "Chapter4\Chapter4.vcxproj", "{BFE5B6F7-5CBE-4000-B99E-EF874E8F2602}"
EndProject
Project("{8BC9CEB8-8B4A-11D0-8D11-00A0C91BC942}") = "Chapter5", "Chapter5\Chapter5.vcxproj", "{D626763F-5AE9-48A3-B953-55B12F9727D5}"
EndProject
Project("{8BC9CEB8-8B4A-11D0-8D11-00A0C91BC942}") = "Chapter6", "Chapter6\Chapter6.vcxproj", "{3252C912-1764-4F28-8DDD-2F2C7B522BFB}"
EndProject
Global
	GlobalSection(SolutionConfigurationPlatforms) = preSolution
		Debug|x64 = Debug|x64
		Debug|x86 = Debug|x86
		Release|x64 = Release|x64
		Release|x86 = Release|x86
	EndGlobalSection
	GlobalSection(ProjectConfigurationPlatforms) = postSolution
		{A5043CBC-2399-4F23-B2C1-50E566E9EFD3}.Debug|x64.ActiveCfg = Debug|x64
		{A5043CBC-2399-4F23-B2C1-50E566E9EFD3}.Debug|x64.Build.0 = Debug|x64
		{A5043CBC-2399-4F23-B2C1-50E566E9EFD3}.Debug|x86.ActiveCfg = Debug|Win32
		{A5043CBC-2399-4F23-B2C1-50E566E9EFD3}.Debug|x86.Build.0 = Debug|Win32
		{A5043CBC-2399-4F23-B2C1-50E566E9EFD3}.Release|x64.ActiveCfg = Release|x64
		{A5043CBC-2399-4F23-B2C1-50E566E9EFD3}.Release|x64.Build.0 = Release|x64
		{A5043CBC-2399-4F23-B2C1-50E566E9EFD3}.Release|x86.ActiveCfg = Release|Win32
		{A5043CBC-2399-4F23-B2C1-50E566E9EFD3}.Release|x86.Build.0 = Release|Win32
		{7CFFAB58-4CEA-4B86-BBBC-1FFAEB632207}.Debug|x64.ActiveCfg = Debug|x64
		{7CFFAB58-4CEA-4B86-BBBC-1FFAEB632207}.Debug|x64.Build.0 = Debug|x64
		{7CFFAB58-4CEA-4B86-BBBC-1FFAEB632207}.Debug|x86.ActiveCfg = Debug|Win32
		{7CFFAB58-4CEA-4B86-BBBC-1FFAEB632207}.Debug|x86.Build.0 = Debug|Win32
		{7CFFAB58-4CEA-4B86-BBBC-1FFAEB632207}.Release|x64.ActiveCfg = Release|x64
		{7CFFAB58-4CEA-4B86-BBBC-1FFAEB632207}.Release|x64.Build.0 = Release|x64
		{7CFFAB58-4CEA-4B86-BBBC-1FFAEB632207}.Release|x86.ActiveCfg = Release|Win32
		{7CFFAB58-4CEA-4B86-BBBC-1FFAEB632207}.Release|x86.Build.0 = Release|Win32
		{BFE5B6F7-5CBE-4000-B99E-EF874E8F2602}.Debug|x64.ActiveCfg = Debug|x64
		{BFE5B6F7-5CBE-4000-B99E-EF874E8F2602}.Debug|x64.Build.0 = Debug|x64
		{BFE5B6F7-5CBE-4000-B99E-EF874E8F2602}.Debug|x86.ActiveCfg = Debug|Win32
		{BFE5B6F7-5CBE-4000-B99E-EF874E8F2602}.Debug|x86.Build.0 = Debug|Win32
		{BFE5B6F7-5CBE-4000-B99E-EF874E8F2602}.Release|x64.ActiveCfg = Release|x64
		{BFE5B6F7-5CBE-4000-B99E-EF874E8F2602}.Release|x64.Build.0 = Release|x64
		{BFE5B6F7-5CBE-4000-B99E-EF874E8F2602}.Release|x86.ActiveCfg = Release|Win32
		{BFE5B6F7-5CBE-4000-B99E-EF874E8F2602}.Release|x86.Build.0 = Release|Win32
		{D626763F-5AE9-48A3-B953-55B12F9727D5}.Debug|x64.ActiveCfg = Debug|x64
		{D626763F-5AE9-48A3-B953-55B12F9727D5}.Debug|x64.Build.0 = Debug|x64
		{D626763F-5AE9-48A3-B953-55B12F9727D5}.Debug|x86.ActiveCfg = Debug|Win32
		{D626763F-5AE9-48A3-B953-55B12F9727D5}.Debug|x86.Build.0 = Debug|Win32
		{D626763F-5AE9-48A3-B953-55B12F9727D5}.Release|x64.ActiveCfg = Release|x64
		{D626763F-5AE9-48A3-B953-55B12F9727D5}.Release|x64.Build.0 = Release|x64
		{D626763F-5AE9-48A3-B953-55B12F9727D5}.Release|x86.ActiveCfg = Release|Win32
		{D626763F-5AE9-48A3-B953-55B12F9727D5}.Release|x86.Build.0 = Release|Win32
		{3252C912-1764-4F28-8DDD-2F2C7B522BFB}.Debug|x64.ActiveCfg = Debug|x64
		{3252C912-1764-4F28-8DDD-2F2C7B522BFB}.Debug|x64.Build.0 = Debug|x64
		{3252C912-1764-4F28-8DDD-2F2C7B522BFB}.Debug|x86.ActiveCfg = Debug|Win32
		{3252C912-1764-4F28-8DDD-2F2C7B522BFB}.Debug|x86.Build.0 = Debug|Win32
		{3252C912-1764-4F28-8DDD-2F2C7B522BFB}.Release|x64.ActiveCfg = Release|x64
		{3252C912-1764-4F28-8DDD-2F2C7B522BFB}.Release|x64.Build.0 = Release|x64
		{3252C912-1764-4F28-8DDD-2F2C7B522BFB}.Release|x86.ActiveCfg = Release|Win32
		{3252C912-1764-4F28-8DDD-2F2C7B522BFB}.Release|x86.Build.0 = Release|Win32
	EndGlobalSection
	GlobalSection(SolutionProperties) = preSolution
		HideSolutionNode = FALSE
	EndGlobalSection
	GlobalSection(ExtensibilityGlobals) = postSolution
		SolutionGuid = {AB5C038E-F939-49A8-B258-74EA654FBFD0}
	EndGlobalSection
EndGlobal
